PODS:
  - AVOSCloud (4.2.0)
  - AVOSCloudCrashReporting (4.2.0):
    - AVOSCloud (= 4.2.0)
    - AVOSCloudCrashReporting/_ARC (= 4.2.0)
    - AVOSCloudCrashReporting/_NOARC (= 4.2.0)
  - AVOSCloudCrashReporting/_ARC (4.2.0):
    - AVOSCloud (= 4.2.0)
    - AVOSCloudCrashReporting/_NOARC (= 4.2.0)
  - AVOSCloudCrashReporting/_NOARC (4.2.0):
    - AVOSCloud (= 4.2.0)
  - AVOSCloudIM (4.2.0):
    - AVOSCloud (= 4.2.0)
    - AVOSCloudIM/_ARC (= 4.2.0)
    - AVOSCloudIM/_NOARC (= 4.2.0)
  - AVOSCloudIM/_ARC (4.2.0):
    - AVOSCloud (= 4.2.0)
    - AVOSCloudIM/_NOARC (= 4.2.0)
  - AVOSCloudIM/_NOARC (4.2.0):
    - AVOSCloud (= 4.2.0)

DEPENDENCIES:
  - AVOSCloud
  - AVOSCloudCrashReporting
  - AVOSCloudIM

SPEC CHECKSUMS:
  AVOSCloud: 5446ad0320f4942cce1a036d131992cd1115db99
  AVOSCloudCrashReporting: d7ab96935498000477076e35b17849abfa716652
  AVOSCloudIM: 69df8e8517247f3c2585e321f24e777d5b398843

PODFILE CHECKSUM: ea881e34008c077be54478fc8ec3ff4bdf4bd264

COCOAPODS: 1.2.0
